
Microsoft Visual Studio Solution File, Format Version 12.00
# Visual Studio Version 17
VisualStudioVersion = 17.10.34916.146
MinimumVisualStudioVersion = 10.0.40219.1
Project("{FAE04EC0-301F-11D3-BF4B-00C04F79EFBC}") = "ApiDeneme", "ApiDeneme\ApiDeneme.csproj", "{78D98E56-BE40-4A60-88CE-6EB766C8040C}"
EndProject
Global
	GlobalSection(SolutionConfigurationPlatforms) = preSolution
		Debug|Any CPU = Debug|Any CPU
		Release|Any CPU = Release|Any CPU
	EndGlobalSection
	GlobalSection(ProjectConfigurationPlatforms) = postSolution
		{78D98E56-BE40-4A60-88CE-6EB766C8040C}.Debug|Any CPU.ActiveCfg = Debug|Any CPU
		{78D98E56-BE40-4A60-88CE-6EB766C8040C}.Debug|Any CPU.Build.0 = Debug|Any CPU
		{78D98E56-BE40-4A60-88CE-6EB766C8040C}.Release|Any CPU.ActiveCfg = Release|Any CPU
		{78D98E56-BE40-4A60-88CE-6EB766C8040C}.Release|Any CPU.Build.0 = Release|Any CPU
	EndGlobalSection
	GlobalSection(SolutionProperties) = preSolution
		HideSolutionNode = FALSE
	EndGlobalSection
	GlobalSection(ExtensibilityGlobals) = postSolution
		SolutionGuid = {95D91F5E-563A-4002-8E81-B4F7218C6A81}
	EndGlobalSection
EndGlobal
